
Microsoft Visual Studio Solution File, Format Version 12.00
# Visual Studio 2013
VisualStudioVersion = 12.0.21005.1
MinimumVisualStudioVersion = 10.0.40219.1
Project("{FAE04EC0-301F-11D3-BF4B-00C04F79EFBC}") = "HelloConsole", "HelloConsole\HelloConsole.csproj", "{81F3C63E-989F-426A-914C-F93752585364}"
EndProject
Project("{FAE04EC0-301F-11D3-BF4B-00C04F79EFBC}") = "HelloWorldAPI", "HelloWorldAPI\HelloWorldAPI.csproj", "{C0E64C75-2EEB-4E2E-A9E0-2512D55EB0B2}"
EndProject
Project("{FAE04EC0-301F-11D3-BF4B-00C04F79EFBC}") = "HelloWorldAPI.Tests", "HelloWorldAPI.Tests\HelloWorldAPI.Tests.csproj", "{49CBDCFF-73E2-42BB-9EBD-6A4637AC0F74}"
EndProject
Global
	GlobalSection(SolutionConfigurationPlatforms) = preSolution
		Debug|Any CPU = Debug|Any CPU
		Release|Any CPU = Release|Any CPU
	EndGlobalSection
	GlobalSection(ProjectConfigurationPlatforms) = postSolution
		{81F3C63E-989F-426A-914C-F93752585364}.Debug|Any CPU.ActiveCfg = Debug|Any CPU
		{81F3C63E-989F-426A-914C-F93752585364}.Debug|Any CPU.Build.0 = Debug|Any CPU
		{81F3C63E-989F-426A-914C-F93752585364}.Release|Any CPU.ActiveCfg = Release|Any CPU
		{81F3C63E-989F-426A-914C-F93752585364}.Release|Any CPU.Build.0 = Release|Any CPU
		{C0E64C75-2EEB-4E2E-A9E0-2512D55EB0B2}.Debug|Any CPU.ActiveCfg = Debug|Any CPU
		{C0E64C75-2EEB-4E2E-A9E0-2512D55EB0B2}.Debug|Any CPU.Build.0 = Debug|Any CPU
		{C0E64C75-2EEB-4E2E-A9E0-2512D55EB0B2}.Release|Any CPU.ActiveCfg = Release|Any CPU
		{C0E64C75-2EEB-4E2E-A9E0-2512D55EB0B2}.Release|Any CPU.Build.0 = Release|Any CPU
		{49CBDCFF-73E2-42BB-9EBD-6A4637AC0F74}.Debug|Any CPU.ActiveCfg = Debug|Any CPU
		{49CBDCFF-73E2-42BB-9EBD-6A4637AC0F74}.Debug|Any CPU.Build.0 = Debug|Any CPU
		{49CBDCFF-73E2-42BB-9EBD-6A4637AC0F74}.Release|Any CPU.ActiveCfg = Release|Any CPU
		{49CBDCFF-73E2-42BB-9EBD-6A4637AC0F74}.Release|Any CPU.Build.0 = Release|Any CPU
	EndGlobalSection
	GlobalSection(SolutionProperties) = preSolution
		HideSolutionNode = FALSE
	EndGlobalSection
EndGlobal
